
Microsoft Visual Studio Solution File, Format Version 12.00
# Visual Studio Version 17
VisualStudioVersion = 17.0.32112.339
MinimumVisualStudioVersion = 10.0.40219.1
Project("{9A19103F-16F7-4668-BE54-9A1E7A4F7556}") = "PrismDemo", "PrismDemo\PrismDemo.csproj", "{B8C0260A-E707-4FA0-A724-FE0B6DF67120}"
EndProject
Project("{FAE04EC0-301F-11D3-BF4B-00C04F79EFBC}") = "ModuleA", "ModuleA\ModuleA.csproj", "{75006839-A4C1-41C2-99FD-55C189A71390}"
EndProject
Global
	GlobalSection(SolutionConfigurationPlatforms) = preSolution
		Debug|Any CPU = Debug|Any CPU
		Release|Any CPU = Release|Any CPU
	EndGlobalSection
	GlobalSection(ProjectConfigurationPlatforms) = postSolution
		{B8C0260A-E707-4FA0-A724-FE0B6DF67120}.Debug|Any CPU.ActiveCfg = Debug|Any CPU
		{B8C0260A-E707-4FA0-A724-FE0B6DF67120}.Debug|Any CPU.Build.0 = Debug|Any CPU
		{B8C0260A-E707-4FA0-A724-FE0B6DF67120}.Release|Any CPU.ActiveCfg = Release|Any CPU
		{B8C0260A-E707-4FA0-A724-FE0B6DF67120}.Release|Any CPU.Build.0 = Release|Any CPU
		{75006839-A4C1-41C2-99FD-55C189A71390}.Debug|Any CPU.ActiveCfg = Debug|Any CPU
		{75006839-A4C1-41C2-99FD-55C189A71390}.Debug|Any CPU.Build.0 = Debug|Any CPU
		{75006839-A4C1-41C2-99FD-55C189A71390}.Release|Any CPU.ActiveCfg = Release|Any CPU
		{75006839-A4C1-41C2-99FD-55C189A71390}.Release|Any CPU.Build.0 = Release|Any CPU
	EndGlobalSection
	GlobalSection(SolutionProperties) = preSolution
		HideSolutionNode = FALSE
	EndGlobalSection
	GlobalSection(ExtensibilityGlobals) = postSolution
		SolutionGuid = {13A9B43E-E727-46F2-815F-9ADA5095F2EA}
	EndGlobalSection
EndGlobal
